
Microsoft Visual Studio Solution File, Format Version 12.00
# Visual Studio Version 17
VisualStudioVersion = 17.0.31903.59
MinimumVisualStudioVersion = 10.0.40219.1
Project("{FAE04EC0-301F-11D3-BF4B-00C04F79EFBC}") = "Avro.Os.Abstractions", "src\sdk\Avro.Os.Abstractions\Avro.Os.Abstractions.csproj", "{22222222-3333-4444-5555-666666666666}"
EndProject
Project("{FAE04EC0-301F-11D3-BF4B-00C04F79EFBC}") = "Avro.Os.Identity", "src\sdk\Avro.Os.Identity\Avro.Os.Identity.csproj", "{11111111-2222-3333-4444-555555555555}"
EndProject
Project("{FAE04EC0-301F-11D3-BF4B-00C04F79EFBC}") = "Avro.Os.UserInfo", "src\sdk\Avro.Os.UserInfo\Avro.Os.UserInfo.csproj", "{55555555-6666-7777-8888-999999999999}"
EndProject
Project("{FAE04EC0-301F-11D3-BF4B-00C04F79EFBC}") = "Avro.Os.Abstractions.UnitTests", "tests\Avro.Os.Abstractions.UnitTests\Avro.Os.Abstractions.UnitTests.csproj", "{33333333-4444-5555-6666-777777777777}"
EndProject
Project("{FAE04EC0-301F-11D3-BF4B-00C04F79EFBC}") = "Avro.Os.Identity.UnitTests", "tests\Avro.Os.Identity.UnitTests\Avro.Os.Identity.UnitTests.csproj", "{44444444-5555-6666-7777-888888888888}"
EndProject
Project("{2150E333-8FDC-42A3-9474-1A3956D46DE8}") = "src", "src", "{827E0CD3-B72D-47B6-A68D-7590B98EB39B}"
EndProject
Project("{2150E333-8FDC-42A3-9474-1A3956D46DE8}") = "mcp", "mcp", "{F3846736-565B-9EA7-873C-5ACF842A7768}"
EndProject
Project("{FAE04EC0-301F-11D3-BF4B-00C04F79EFBC}") = "Avro.Mcp.Example", "src\mcp\Avro.Mcp.Example\Avro.Mcp.Example.csproj", "{8DCA56FB-50E1-4CF8-A92B-120993BBEB36}"
EndProject
Project("{2150E333-8FDC-42A3-9474-1A3956D46DE8}") = "sdk", "sdk", "{51B637F8-9C04-5803-F48E-8CB9352021B0}"
EndProject
Project("{2150E333-8FDC-42A3-9474-1A3956D46DE8}") = "tests", "tests", "{0AB3BF05-4346-4AA6-1389-037BE0695223}"
EndProject
Project("{FAE04EC0-301F-11D3-BF4B-00C04F79EFBC}") = "Avro.Mcp.Example.UnitTests", "tests\Avro.Mcp.Example.UnitTests\Avro.Mcp.Example.UnitTests.csproj", "{7E1D3DEC-8BBE-4540-8C65-BBE9595DA7CD}"
EndProject
Project("{FAE04EC0-301F-11D3-BF4B-00C04F79EFBC}") = "Avro.Mcp.Example.IntegrationTests", "tests\Avro.Mcp.Example.IntegrationTests\Avro.Mcp.Example.IntegrationTests.csproj", "{B1417F9C-BC23-46DF-8DBE-28545AA04FCF}"
EndProject
Project("{FAE04EC0-301F-11D3-BF4B-00C04F79EFBC}") = "Avro.Os.UserInfo.UnitTests", "tests\Avro.Os.UserInfo.UnitTests\Avro.Os.UserInfo.UnitTests.csproj", "{66666666-7777-8888-9999-AAAAAAAAAAAA}"
EndProject
Global
	GlobalSection(SolutionConfigurationPlatforms) = preSolution
		Debug|Any CPU = Debug|Any CPU
		Debug|x64 = Debug|x64
		Debug|x86 = Debug|x86
		Release|Any CPU = Release|Any CPU
		Release|x64 = Release|x64
		Release|x86 = Release|x86
	EndGlobalSection
	GlobalSection(ProjectConfigurationPlatforms) = postSolution
		{22222222-3333-4444-5555-666666666666}.Debug|Any CPU.ActiveCfg = Debug|Any CPU
		{22222222-3333-4444-5555-666666666666}.Debug|Any CPU.Build.0 = Debug|Any CPU
		{22222222-3333-4444-5555-666666666666}.Debug|x64.ActiveCfg = Debug|Any CPU
		{22222222-3333-4444-5555-666666666666}.Debug|x64.Build.0 = Debug|Any CPU
		{22222222-3333-4444-5555-666666666666}.Debug|x86.ActiveCfg = Debug|Any CPU
		{22222222-3333-4444-5555-666666666666}.Debug|x86.Build.0 = Debug|Any CPU
		{22222222-3333-4444-5555-666666666666}.Release|Any CPU.ActiveCfg = Release|Any CPU
		{22222222-3333-4444-5555-666666666666}.Release|Any CPU.Build.0 = Release|Any CPU
		{22222222-3333-4444-5555-666666666666}.Release|x64.ActiveCfg = Release|Any CPU
		{22222222-3333-4444-5555-666666666666}.Release|x64.Build.0 = Release|Any CPU
		{22222222-3333-4444-5555-666666666666}.Release|x86.ActiveCfg = Release|Any CPU
		{22222222-3333-4444-5555-666666666666}.Release|x86.Build.0 = Release|Any CPU
		{11111111-2222-3333-4444-555555555555}.Debug|Any CPU.ActiveCfg = Debug|Any CPU
		{11111111-2222-3333-4444-555555555555}.Debug|Any CPU.Build.0 = Debug|Any CPU
		{11111111-2222-3333-4444-555555555555}.Debug|x64.ActiveCfg = Debug|Any CPU
		{11111111-2222-3333-4444-555555555555}.Debug|x64.Build.0 = Debug|Any CPU
		{11111111-2222-3333-4444-555555555555}.Debug|x86.ActiveCfg = Debug|Any CPU
		{11111111-2222-3333-4444-555555555555}.Debug|x86.Build.0 = Debug|Any CPU
		{11111111-2222-3333-4444-555555555555}.Release|Any CPU.ActiveCfg = Release|Any CPU
		{11111111-2222-3333-4444-555555555555}.Release|Any CPU.Build.0 = Release|Any CPU
		{11111111-2222-3333-4444-555555555555}.Release|x64.ActiveCfg = Release|Any CPU
		{11111111-2222-3333-4444-555555555555}.Release|x64.Build.0 = Release|Any CPU
		{11111111-2222-3333-4444-555555555555}.Release|x86.ActiveCfg = Release|Any CPU
		{11111111-2222-3333-4444-555555555555}.Release|x86.Build.0 = Release|Any CPU
		{33333333-4444-5555-6666-777777777777}.Debug|Any CPU.ActiveCfg = Debug|Any CPU
		{33333333-4444-5555-6666-777777777777}.Debug|Any CPU.Build.0 = Debug|Any CPU
		{33333333-4444-5555-6666-777777777777}.Debug|x64.ActiveCfg = Debug|Any CPU
		{33333333-4444-5555-6666-777777777777}.Debug|x64.Build.0 = Debug|Any CPU
		{33333333-4444-5555-6666-777777777777}.Debug|x86.ActiveCfg = Debug|Any CPU
		{33333333-4444-5555-6666-777777777777}.Debug|x86.Build.0 = Debug|Any CPU
		{33333333-4444-5555-6666-777777777777}.Release|Any CPU.ActiveCfg = Release|Any CPU
		{33333333-4444-5555-6666-777777777777}.Release|Any CPU.Build.0 = Release|Any CPU
		{33333333-4444-5555-6666-777777777777}.Release|x64.ActiveCfg = Release|Any CPU
		{33333333-4444-5555-6666-777777777777}.Release|x64.Build.0 = Release|Any CPU
		{33333333-4444-5555-6666-777777777777}.Release|x86.ActiveCfg = Release|Any CPU
		{33333333-4444-5555-6666-777777777777}.Release|x86.Build.0 = Release|Any CPU
		{44444444-5555-6666-7777-888888888888}.Debug|Any CPU.ActiveCfg = Debug|Any CPU
		{44444444-5555-6666-7777-888888888888}.Debug|Any CPU.Build.0 = Debug|Any CPU
		{44444444-5555-6666-7777-888888888888}.Debug|x64.ActiveCfg = Debug|Any CPU
		{44444444-5555-6666-7777-888888888888}.Debug|x64.Build.0 = Debug|Any CPU
		{44444444-5555-6666-7777-888888888888}.Debug|x86.ActiveCfg = Debug|Any CPU
		{44444444-5555-6666-7777-888888888888}.Debug|x86.Build.0 = Debug|Any CPU
		{44444444-5555-6666-7777-888888888888}.Release|Any CPU.ActiveCfg = Release|Any CPU
		{44444444-5555-6666-7777-888888888888}.Release|Any CPU.Build.0 = Release|Any CPU
		{44444444-5555-6666-7777-888888888888}.Release|x64.ActiveCfg = Release|Any CPU
		{44444444-5555-6666-7777-888888888888}.Release|x64.Build.0 = Release|Any CPU
		{44444444-5555-6666-7777-888888888888}.Release|x86.ActiveCfg = Release|Any CPU
		{44444444-5555-6666-7777-888888888888}.Release|x86.Build.0 = Release|Any CPU
		{55555555-6666-7777-8888-999999999999}.Debug|Any CPU.ActiveCfg = Debug|Any CPU
		{55555555-6666-7777-8888-999999999999}.Debug|Any CPU.Build.0 = Debug|Any CPU
		{55555555-6666-7777-8888-999999999999}.Debug|x64.ActiveCfg = Debug|Any CPU
		{55555555-6666-7777-8888-999999999999}.Debug|x64.Build.0 = Debug|Any CPU
		{55555555-6666-7777-8888-999999999999}.Debug|x86.ActiveCfg = Debug|Any CPU
		{55555555-6666-7777-8888-999999999999}.Debug|x86.Build.0 = Debug|Any CPU
		{55555555-6666-7777-8888-999999999999}.Release|Any CPU.ActiveCfg = Release|Any CPU
		{55555555-6666-7777-8888-999999999999}.Release|Any CPU.Build.0 = Release|Any CPU
		{55555555-6666-7777-8888-999999999999}.Release|x64.ActiveCfg = Release|Any CPU
		{55555555-6666-7777-8888-999999999999}.Release|x64.Build.0 = Release|Any CPU
		{55555555-6666-7777-8888-999999999999}.Release|x86.ActiveCfg = Release|Any CPU
		{55555555-6666-7777-8888-999999999999}.Release|x86.Build.0 = Release|Any CPU
		{8DCA56FB-50E1-4CF8-A92B-120993BBEB36}.Debug|Any CPU.ActiveCfg = Debug|Any CPU
		{8DCA56FB-50E1-4CF8-A92B-120993BBEB36}.Debug|Any CPU.Build.0 = Debug|Any CPU
		{8DCA56FB-50E1-4CF8-A92B-120993BBEB36}.Debug|x64.ActiveCfg = Debug|Any CPU
		{8DCA56FB-50E1-4CF8-A92B-120993BBEB36}.Debug|x64.Build.0 = Debug|Any CPU
		{8DCA56FB-50E1-4CF8-A92B-120993BBEB36}.Debug|x86.ActiveCfg = Debug|Any CPU
		{8DCA56FB-50E1-4CF8-A92B-120993BBEB36}.Debug|x86.Build.0 = Debug|Any CPU
		{8DCA56FB-50E1-4CF8-A92B-120993BBEB36}.Release|Any CPU.ActiveCfg = Release|Any CPU
		{8DCA56FB-50E1-4CF8-A92B-120993BBEB36}.Release|Any CPU.Build.0 = Release|Any CPU
		{8DCA56FB-50E1-4CF8-A92B-120993BBEB36}.Release|x64.ActiveCfg = Release|Any CPU
		{8DCA56FB-50E1-4CF8-A92B-120993BBEB36}.Release|x64.Build.0 = Release|Any CPU
		{8DCA56FB-50E1-4CF8-A92B-120993BBEB36}.Release|x86.ActiveCfg = Release|Any CPU
		{8DCA56FB-50E1-4CF8-A92B-120993BBEB36}.Release|x86.Build.0 = Release|Any CPU
		{7E1D3DEC-8BBE-4540-8C65-BBE9595DA7CD}.Debug|Any CPU.ActiveCfg = Debug|Any CPU
		{7E1D3DEC-8BBE-4540-8C65-BBE9595DA7CD}.Debug|Any CPU.Build.0 = Debug|Any CPU
		{7E1D3DEC-8BBE-4540-8C65-BBE9595DA7CD}.Debug|x64.ActiveCfg = Debug|Any CPU
		{7E1D3DEC-8BBE-4540-8C65-BBE9595DA7CD}.Debug|x64.Build.0 = Debug|Any CPU
		{7E1D3DEC-8BBE-4540-8C65-BBE9595DA7CD}.Debug|x86.ActiveCfg = Debug|Any CPU
		{7E1D3DEC-8BBE-4540-8C65-BBE9595DA7CD}.Debug|x86.Build.0 = Debug|Any CPU
		{7E1D3DEC-8BBE-4540-8C65-BBE9595DA7CD}.Release|Any CPU.ActiveCfg = Release|Any CPU
		{7E1D3DEC-8BBE-4540-8C65-BBE9595DA7CD}.Release|Any CPU.Build.0 = Release|Any CPU
		{7E1D3DEC-8BBE-4540-8C65-BBE9595DA7CD}.Release|x64.ActiveCfg = Release|Any CPU
		{7E1D3DEC-8BBE-4540-8C65-BBE9595DA7CD}.Release|x64.Build.0 = Release|Any CPU
		{7E1D3DEC-8BBE-4540-8C65-BBE9595DA7CD}.Release|x86.ActiveCfg = Release|Any CPU
		{7E1D3DEC-8BBE-4540-8C65-BBE9595DA7CD}.Release|x86.Build.0 = Release|Any CPU
		{B1417F9C-BC23-46DF-8DBE-28545AA04FCF}.Debug|Any CPU.ActiveCfg = Debug|Any CPU
		{B1417F9C-BC23-46DF-8DBE-28545AA04FCF}.Debug|Any CPU.Build.0 = Debug|Any CPU
		{B1417F9C-BC23-46DF-8DBE-28545AA04FCF}.Debug|x64.ActiveCfg = Debug|Any CPU
		{B1417F9C-BC23-46DF-8DBE-28545AA04FCF}.Debug|x64.Build.0 = Debug|Any CPU
		{B1417F9C-BC23-46DF-8DBE-28545AA04FCF}.Debug|x86.ActiveCfg = Debug|Any CPU
		{B1417F9C-BC23-46DF-8DBE-28545AA04FCF}.Debug|x86.Build.0 = Debug|Any CPU
		{B1417F9C-BC23-46DF-8DBE-28545AA04FCF}.Release|Any CPU.ActiveCfg = Release|Any CPU
		{B1417F9C-BC23-46DF-8DBE-28545AA04FCF}.Release|Any CPU.Build.0 = Release|Any CPU
		{B1417F9C-BC23-46DF-8DBE-28545AA04FCF}.Release|x64.ActiveCfg = Release|Any CPU
		{B1417F9C-BC23-46DF-8DBE-28545AA04FCF}.Release|x64.Build.0 = Release|Any CPU
		{B1417F9C-BC23-46DF-8DBE-28545AA04FCF}.Release|x86.ActiveCfg = Release|Any CPU
		{B1417F9C-BC23-46DF-8DBE-28545AA04FCF}.Release|x86.Build.0 = Release|Any CPU
		{66666666-7777-8888-9999-AAAAAAAAAAAA}.Debug|Any CPU.ActiveCfg = Debug|Any CPU
		{66666666-7777-8888-9999-AAAAAAAAAAAA}.Debug|Any CPU.Build.0 = Debug|Any CPU
		{66666666-7777-8888-9999-AAAAAAAAAAAA}.Debug|x64.ActiveCfg = Debug|Any CPU
		{66666666-7777-8888-9999-AAAAAAAAAAAA}.Debug|x64.Build.0 = Debug|Any CPU
		{66666666-7777-8888-9999-AAAAAAAAAAAA}.Debug|x86.ActiveCfg = Debug|Any CPU
		{66666666-7777-8888-9999-AAAAAAAAAAAA}.Debug|x86.Build.0 = Debug|Any CPU
		{66666666-7777-8888-9999-AAAAAAAAAAAA}.Release|Any CPU.ActiveCfg = Release|Any CPU
		{66666666-7777-8888-9999-AAAAAAAAAAAA}.Release|Any CPU.Build.0 = Release|Any CPU
		{66666666-7777-8888-9999-AAAAAAAAAAAA}.Release|x64.ActiveCfg = Release|Any CPU
		{66666666-7777-8888-9999-AAAAAAAAAAAA}.Release|x64.Build.0 = Release|Any CPU
		{66666666-7777-8888-9999-AAAAAAAAAAAA}.Release|x86.ActiveCfg = Release|Any CPU
		{66666666-7777-8888-9999-AAAAAAAAAAAA}.Release|x86.Build.0 = Release|Any CPU
	EndGlobalSection
	GlobalSection(SolutionProperties) = preSolution
		HideSolutionNode = FALSE
	EndGlobalSection
	GlobalSection(NestedProjects) = preSolution
		{F3846736-565B-9EA7-873C-5ACF842A7768} = {827E0CD3-B72D-47B6-A68D-7590B98EB39B}
		{8DCA56FB-50E1-4CF8-A92B-120993BBEB36} = {F3846736-565B-9EA7-873C-5ACF842A7768}
		{51B637F8-9C04-5803-F48E-8CB9352021B0} = {827E0CD3-B72D-47B6-A68D-7590B98EB39B}
		{22222222-3333-4444-5555-666666666666} = {51B637F8-9C04-5803-F48E-8CB9352021B0}
		{11111111-2222-3333-4444-555555555555} = {51B637F8-9C04-5803-F48E-8CB9352021B0}
		{55555555-6666-7777-8888-999999999999} = {51B637F8-9C04-5803-F48E-8CB9352021B0}
		{33333333-4444-5555-6666-777777777777} = {0AB3BF05-4346-4AA6-1389-037BE0695223}
		{44444444-5555-6666-7777-888888888888} = {0AB3BF05-4346-4AA6-1389-037BE0695223}
		{7E1D3DEC-8BBE-4540-8C65-BBE9595DA7CD} = {0AB3BF05-4346-4AA6-1389-037BE0695223}
		{B1417F9C-BC23-46DF-8DBE-28545AA04FCF} = {0AB3BF05-4346-4AA6-1389-037BE0695223}
		{66666666-7777-8888-9999-AAAAAAAAAAAA} = {0AB3BF05-4346-4AA6-1389-037BE0695223}
	EndGlobalSection
	GlobalSection(ExtensibilityGlobals) = postSolution
		SolutionGuid = {A1B2C3D4-E5F6-7890-ABCD-EF1234567890}
	EndGlobalSection
EndGlobal
